<?xml version="1.0" encoding="utf-8"?>
<Project ToolsVersion="4.0" xmlns="http://schemas.microsoft.com/developer/msbuild/2003">
  <ItemGroup>
    <ClCompile Include="nx2elf.cpp" />
    <ClCompile Include="lz4.c" />
    <ClCompile Include="elf_eh.cpp" />
  </ItemGroup>
  <ItemGroup>
    <ClInclude Include="elf.h" />
    <ClInclude Include="types.h" />
    <ClInclude Include="lz4.h" />
    <ClInclude Include="elf_eh.h" />
  </ItemGroup>
</Project>