
Microsoft Visual Studio Solution File, Format Version 12.00
# Visual Studio Version 16
VisualStudioVersion = 16.0.29911.84
MinimumVisualStudioVersion = 10.0.40219.1
Project("{8BC9CEB8-8B4A-11D0-8D11-00A0C91BC942}") = "nx2elf", "nx2elf.vcxproj", "{E71AACE3-5085-41F7-AC39-886282FC7A36}"
EndProject
Project("{2150E333-8FDC-42A3-9474-1A3956D46DE8}") = "Solution Items", "Solution Items", "{191761EC-6E88-4DFB-966A-151D2B932EB9}"
	ProjectSection(SolutionItems) = preProject
		Makefile = Makefile
		Makefile-lib-x32 = Makefile-lib-x32
		Makefile-lib-x64 = Makefile-lib-x64
		Makefile-x32 = Makefile-x32
		README.md = README.md
	EndProjectSection
EndProject
Global
	GlobalSection(SolutionConfigurationPlatforms) = preSolution
		Debug|x64 = Debug|x64
		Debug|x86 = Debug|x86
		Debug-DLL|x64 = Debug-DLL|x64
		Debug-DLL|x86 = Debug-DLL|x86
		Release|x64 = Release|x64
		Release|x86 = Release|x86
		Release-DLL|x64 = Release-DLL|x64
		Release-DLL|x86 = Release-DLL|x86
	EndGlobalSection
	GlobalSection(ProjectConfigurationPlatforms) = postSolution
		{E71AACE3-5085-41F7-AC39-886282FC7A36}.Debug|x64.ActiveCfg = Debug|x64
		{E71AACE3-5085-41F7-AC39-886282FC7A36}.Debug|x64.Build.0 = Debug|x64
		{E71AACE3-5085-41F7-AC39-886282FC7A36}.Debug|x86.ActiveCfg = Debug|Win32
		{E71AACE3-5085-41F7-AC39-886282FC7A36}.Debug|x86.Build.0 = Debug|Win32
		{E71AACE3-5085-41F7-AC39-886282FC7A36}.Debug-DLL|x64.ActiveCfg = Debug-DLL|x64
		{E71AACE3-5085-41F7-AC39-886282FC7A36}.Debug-DLL|x64.Build.0 = Debug-DLL|x64
		{E71AACE3-5085-41F7-AC39-886282FC7A36}.Debug-DLL|x86.ActiveCfg = Debug-DLL|Win32
		{E71AACE3-5085-41F7-AC39-886282FC7A36}.Debug-DLL|x86.Build.0 = Debug-DLL|Win32
		{E71AACE3-5085-41F7-AC39-886282FC7A36}.Release|x64.ActiveCfg = Release|x64
		{E71AACE3-5085-41F7-AC39-886282FC7A36}.Release|x64.Build.0 = Release|x64
		{E71AACE3-5085-41F7-AC39-886282FC7A36}.Release|x86.ActiveCfg = Release|Win32
		{E71AACE3-5085-41F7-AC39-886282FC7A36}.Release|x86.Build.0 = Release|Win32
		{E71AACE3-5085-41F7-AC39-886282FC7A36}.Release-DLL|x64.ActiveCfg = Release-DLL|x64
		{E71AACE3-5085-41F7-AC39-886282FC7A36}.Release-DLL|x64.Build.0 = Release-DLL|x64
		{E71AACE3-5085-41F7-AC39-886282FC7A36}.Release-DLL|x86.ActiveCfg = Release-DLL|Win32
		{E71AACE3-5085-41F7-AC39-886282FC7A36}.Release-DLL|x86.Build.0 = Release-DLL|Win32
	EndGlobalSection
	GlobalSection(SolutionProperties) = preSolution
		HideSolutionNode = FALSE
	EndGlobalSection
	GlobalSection(ExtensibilityGlobals) = postSolution
		SolutionGuid = {B0337324-89CA-4E62-9B7C-7D55F40E5DF9}
	EndGlobalSection
EndGlobal
